
Microsoft Visual Studio Solution File, Format Version 12.00
# Visual Studio Version 16
VisualStudioVersion = 16.0.29920.165
MinimumVisualStudioVersion = 10.0.40219.1
Project("{9A19103F-16F7-4668-BE54-9A1E7A4F7556}") = "CertificateProject.Infrastructure", "CertificateProject.Core\CertificateProject.Infrastructure.csproj", "{5E900252-561F-4989-97FB-7D6BA932F48F}"
EndProject
Project("{9A19103F-16F7-4668-BE54-9A1E7A4F7556}") = "CertificateProject.Core", "CertificateProject.Infrastructure\CertificateProject.Core.csproj", "{B256854B-C782-4D6B-8FD8-B644D9095D0E}"
EndProject
Project("{9A19103F-16F7-4668-BE54-9A1E7A4F7556}") = "CertificateProject.Test", "CertificateProject.Test\CertificateProject.Test.csproj", "{C41F949D-BEC0-4AA6-B6BF-401B95D20B0B}"
EndProject
Project("{9A19103F-16F7-4668-BE54-9A1E7A4F7556}") = "CertificateProject.Web", "CertificateProject.Web\CertificateProject.Web.csproj", "{11CB601C-74C3-4A6B-BD39-08548C7B6CED}"
EndProject
Global
	GlobalSection(SolutionConfigurationPlatforms) = preSolution
		Debug|Any CPU = Debug|Any CPU
		Release|Any CPU = Release|Any CPU
	EndGlobalSection
	GlobalSection(ProjectConfigurationPlatforms) = postSolution
		{5E900252-561F-4989-97FB-7D6BA932F48F}.Debug|Any CPU.ActiveCfg = Debug|Any CPU
		{5E900252-561F-4989-97FB-7D6BA932F48F}.Debug|Any CPU.Build.0 = Debug|Any CPU
		{5E900252-561F-4989-97FB-7D6BA932F48F}.Release|Any CPU.ActiveCfg = Release|Any CPU
		{5E900252-561F-4989-97FB-7D6BA932F48F}.Release|Any CPU.Build.0 = Release|Any CPU
		{B256854B-C782-4D6B-8FD8-B644D9095D0E}.Debug|Any CPU.ActiveCfg = Debug|Any CPU
		{B256854B-C782-4D6B-8FD8-B644D9095D0E}.Debug|Any CPU.Build.0 = Debug|Any CPU
		{B256854B-C782-4D6B-8FD8-B644D9095D0E}.Release|Any CPU.ActiveCfg = Release|Any CPU
		{B256854B-C782-4D6B-8FD8-B644D9095D0E}.Release|Any CPU.Build.0 = Release|Any CPU
		{C41F949D-BEC0-4AA6-B6BF-401B95D20B0B}.Debug|Any CPU.ActiveCfg = Debug|Any CPU
		{C41F949D-BEC0-4AA6-B6BF-401B95D20B0B}.Debug|Any CPU.Build.0 = Debug|Any CPU
		{C41F949D-BEC0-4AA6-B6BF-401B95D20B0B}.Release|Any CPU.ActiveCfg = Release|Any CPU
		{C41F949D-BEC0-4AA6-B6BF-401B95D20B0B}.Release|Any CPU.Build.0 = Release|Any CPU
		{11CB601C-74C3-4A6B-BD39-08548C7B6CED}.Debug|Any CPU.ActiveCfg = Debug|Any CPU
		{11CB601C-74C3-4A6B-BD39-08548C7B6CED}.Debug|Any CPU.Build.0 = Debug|Any CPU
		{11CB601C-74C3-4A6B-BD39-08548C7B6CED}.Release|Any CPU.ActiveCfg = Release|Any CPU
		{11CB601C-74C3-4A6B-BD39-08548C7B6CED}.Release|Any CPU.Build.0 = Release|Any CPU
	EndGlobalSection
	GlobalSection(SolutionProperties) = preSolution
		HideSolutionNode = FALSE
	EndGlobalSection
	GlobalSection(ExtensibilityGlobals) = postSolution
		SolutionGuid = {AC112812-3536-4C05-9C86-882B4B50BCE5}
	EndGlobalSection
EndGlobal
