
Microsoft Visual Studio Solution File, Format Version 12.00
# Visual Studio Version 16
VisualStudioVersion = 16.0.29920.165
MinimumVisualStudioVersion = 10.0.40219.1
Project("{FAE04EC0-301F-11D3-BF4B-00C04F79EFBC}") = "CertificateProject", "CertificateProject\CertificateProject.csproj", "{702D3811-6589-4105-A3F1-E6AA3F39C433}"
EndProject
Project("{FAE04EC0-301F-11D3-BF4B-00C04F79EFBC}") = "CertificateProject.Infrastructure", "CertificateProject.DAL\CertificateProject.Infrastructure.csproj", "{5E900252-561F-4989-97FB-7D6BA932F48F}"
EndProject
Project("{FAE04EC0-301F-11D3-BF4B-00C04F79EFBC}") = "CertificateProject.Core", "CertificateProject.Repository\CertificateProject.Core.csproj", "{B256854B-C782-4D6B-8FD8-B644D9095D0E}"
EndProject
Global
	GlobalSection(SolutionConfigurationPlatforms) = preSolution
		Debug|Any CPU = Debug|Any CPU
		Release|Any CPU = Release|Any CPU
	EndGlobalSection
	GlobalSection(ProjectConfigurationPlatforms) = postSolution
		{702D3811-6589-4105-A3F1-E6AA3F39C433}.Debug|Any CPU.ActiveCfg = Debug|Any CPU
		{702D3811-6589-4105-A3F1-E6AA3F39C433}.Debug|Any CPU.Build.0 = Debug|Any CPU
		{702D3811-6589-4105-A3F1-E6AA3F39C433}.Release|Any CPU.ActiveCfg = Release|Any CPU
		{702D3811-6589-4105-A3F1-E6AA3F39C433}.Release|Any CPU.Build.0 = Release|Any CPU
		{5E900252-561F-4989-97FB-7D6BA932F48F}.Debug|Any CPU.ActiveCfg = Debug|Any CPU
		{5E900252-561F-4989-97FB-7D6BA932F48F}.Debug|Any CPU.Build.0 = Debug|Any CPU
		{5E900252-561F-4989-97FB-7D6BA932F48F}.Release|Any CPU.ActiveCfg = Release|Any CPU
		{5E900252-561F-4989-97FB-7D6BA932F48F}.Release|Any CPU.Build.0 = Release|Any CPU
		{B256854B-C782-4D6B-8FD8-B644D9095D0E}.Debug|Any CPU.ActiveCfg = Debug|Any CPU
		{B256854B-C782-4D6B-8FD8-B644D9095D0E}.Debug|Any CPU.Build.0 = Debug|Any CPU
		{B256854B-C782-4D6B-8FD8-B644D9095D0E}.Release|Any CPU.ActiveCfg = Release|Any CPU
		{B256854B-C782-4D6B-8FD8-B644D9095D0E}.Release|Any CPU.Build.0 = Release|Any CPU
	EndGlobalSection
	GlobalSection(SolutionProperties) = preSolution
		HideSolutionNode = FALSE
	EndGlobalSection
	GlobalSection(ExtensibilityGlobals) = postSolution
		SolutionGuid = {AC112812-3536-4C05-9C86-882B4B50BCE5}
	EndGlobalSection
EndGlobal
